version = 1
revision = 3
requires-python = ">=3.14"

[manifest]
members = [
    "admin",
    "buybikeshop",
    "common-tools",
    "grpc-buybikeshop-python",
    "market",
    "seeder",
]

[[package]]
name = "admin"
version = "0.0.0"
source = { editable = "apps/admin" }
dependencies = [
    { name = "common-tools" },
    { name = "jinja2" },
    { name = "punq" },
    { name = "python-dotenv" },
    { name = "starlette" },
    { name = "uvicorn" },
]

[package.metadata]
requires-dist = [
    { name = "common-tools", editable = "libs/python/common_tools" },
    { name = "jinja2", specifier = ">=3.1.6" },
    { name = "punq", specifier = ">=0.7.0" },
    { name = "python-dotenv", specifier = ">=1.2.2" },
    { name = "starlette", specifier = ">=0.52.1" },
    { name = "uvicorn" },
    { name = "uvicorn", specifier = ">=0.42.0" },
]

[[package]]
name = "anyio"
version = "4.12.1"
source = { registry = "https://pypi.org/simple" }
dependencies = [
    { name = "idna" },
]
sdist = { url = "https://files.pythonhosted.org/packages/96/f0/5eb65b2bb0d09ac6776f2eb54adee6abe8228ea05b20a5ad0e4945de8aac/anyio-4.12.1.tar.gz", hash = "sha256:41cfcc3a4c85d3f05c932da7c26d0201ac36f72abd4435ba90d0464a3ffed703", size = 228685, upload-time = "2026-01-06T11:45:21.246Z" }
wheels = [
    { url = "https://files.pythonhosted.org/packages/38/0e/27be9fdef66e72d64c0cdc3cc2823101b80585f8119b5c112c2e8f5f7dab/anyio-4.12.1-py3-none-any.whl", hash = "sha256:d405828884fc140aa80a3c667b8beed277f1dfedec42ba031bd6ac3db606ab6c", size = 113592, upload-time = "2026-01-06T11:45:19.497Z" },
]

[[package]]
name = "buybikeshop"
version = "0.1.0"
source = { virtual = "." }
dependencies = [
    { name = "python-dotenv" },
]

[package.dev-dependencies]
dev = [
    { name = "grpcio" },
    { name = "grpcio-tools" },
    { name = "protobuf" },
]

[package.metadata]
requires-dist = [{ name = "python-dotenv", specifier = ">=1.2.2" }]

[package.metadata.requires-dev]
dev = [
    { name = "grpcio", specifier = ">=1.78.0" },
    { name = "grpcio-tools", specifier = ">=1.78.0" },
    { name = "protobuf", specifier = ">=6.33.6" },
]

[[package]]
name = "click"
version = "8.3.1"
source = { registry = "https://pypi.org/simple" }
dependencies = [
    { name = "colorama", marker = "sys_platform == 'win32'" },
]
sdist = { url = "https://files.pythonhosted.org/packages/3d/fa/656b739db8587d7b5dfa22e22ed02566950fbfbcdc20311993483657a5c0/click-8.3.1.tar.gz", hash = "sha256:12ff4785d337a1bb490bb7e9c2b1ee5da3112e94a8622f26a6c77f5d2fc6842a", size = 295065, upload-time = "2025-11-15T20:45:42.706Z" }
wheels = [
    { url = "https://files.pythonhosted.org/packages/98/78/01c019cdb5d6498122777c1a43056ebb3ebfeef2076d9d026bfe15583b2b/click-8.3.1-py3-none-any.whl", hash = "sha256:981153a64e25f12d547d3426c367a4857371575ee7ad18df2a6183ab0545b2a6", size = 108274, upload-time = "2025-11-15T20:45:41.139Z" },
]

[[package]]
name = "colorama"
version = "0.4.6"
source = { registry = "https://pypi.org/simple" }
sdist = { url = "https://files.pythonhosted.org/packages/d8/53/6f443c9a4a8358a93a6792e2acffb9d9d5cb0a5cfd8802644b7b1c9a02e4/colorama-0.4.6.tar.gz", hash = "sha256:08695f5cb7ed6e0531a20572697297273c47b8cae5a63ffc6d6ed5c201be6e44", size = 27697, upload-time = "2022-10-25T02:36:22.414Z" }
wheels = [
    { url = "https://files.pythonhosted.org/packages/d1/d6/3965ed04c63042e047cb6a3e6ed1a63a35087b6a609aa3a15ed8ac56c221/colorama-0.4.6-py2.py3-none-any.whl", hash = "sha256:4f1d9991f5acc0ca119f9d443620b77f9d6b33703e51011c16baf57afb285fc6", size = 25335, upload-time = "2022-10-25T02:36:20.889Z" },
]

[[package]]
name = "common-tools"
version = "0.0.0"
source = { editable = "libs/python/common_tools" }
dependencies = [
    { name = "punq" },
]

[package.metadata]
requires-dist = [{ name = "punq", specifier = ">=0.7.0" }]

[[package]]
name = "faker"
version = "40.4.0"
source = { registry = "https://pypi.org/simple" }
dependencies = [
    { name = "tzdata", marker = "sys_platform == 'win32'" },
]
sdist = { url = "https://files.pythonhosted.org/packages/fc/7e/dccb7013c9f3d66f2e379383600629fec75e4da2698548bdbf2041ea4b51/faker-40.4.0.tar.gz", hash = "sha256:76f8e74a3df28c3e2ec2caafa956e19e37a132fdc7ea067bc41783affcfee364", size = 1952221, upload-time = "2026-02-06T23:30:15.515Z" }
wheels = [
    { url = "https://files.pythonhosted.org/packages/ac/63/58efa67c10fb27810d34351b7a10f85f109a7f7e2a07dc3773952459c47b/faker-40.4.0-py3-none-any.whl", hash = "sha256:486d43c67ebbb136bc932406418744f9a0bdf2c07f77703ea78b58b77e9aa443", size = 1987060, upload-time = "2026-02-06T23:30:13.44Z" },
]

[[package]]
name = "grpc-buybikeshop-python"
version = "0.0.0"
source = { editable = "gen/grpc_buybikeshop_python" }
dependencies = [
    { name = "grpcio" },
    { name = "protobuf" },
]

[package.metadata]
requires-dist = [
    { name = "grpcio", specifier = ">=1.78.0" },
    { name = "protobuf", specifier = ">=6.33.6" },
]

[[package]]
name = "grpcio"
version = "1.78.0"
source = { registry = "https://pypi.org/simple" }
dependencies = [
    { name = "typing-extensions" },
]
sdist = { url = "https://files.pythonhosted.org/packages/06/8a/3d098f35c143a89520e568e6539cc098fcd294495910e359889ce8741c84/grpcio-1.78.0.tar.gz", hash = "sha256:7382b95189546f375c174f53a5fa873cef91c4b8005faa05cc5b3beea9c4f1c5", size = 12852416, upload-time = "2026-02-06T09:57:18.093Z" }
wheels = [
    { url = "https://files.pythonhosted.org/packages/29/f2/b56e43e3c968bfe822fa6ce5bca10d5c723aa40875b48791ce1029bb78c7/grpcio-1.78.0-cp314-cp314-linux_armv7l.whl", hash = "sha256:e87cbc002b6f440482b3519e36e1313eb5443e9e9e73d6a52d43bd2004fcfd8e", size = 5920591, upload-time = "2026-02-06T09:56:20.758Z" },
    { url = "https://files.pythonhosted.org/packages/5d/81/1f3b65bd30c334167bfa8b0d23300a44e2725ce39bba5b76a2460d85f745/grpcio-1.78.0-cp314-cp314-macosx_11_0_universal2.whl", hash = "sha256:c41bc64626db62e72afec66b0c8a0da76491510015417c127bfc53b2fe6d7f7f", size = 11813685, upload-time = "2026-02-06T09:56:24.315Z" },
    { url = "https://files.pythonhosted.org/packages/0e/1c/bbe2f8216a5bd3036119c544d63c2e592bdf4a8ec6e4a1867592f4586b26/grpcio-1.78.0-cp314-cp314-manylinux2014_aarch64.manylinux_2_17_aarch64.whl", hash = "sha256:8dfffba826efcf366b1e3ccc37e67afe676f290e13a3b48d31a46739f80a8724", size = 6487803, upload-time = "2026-02-06T09:56:27.367Z" },
    { url = "https://files.pythonhosted.org/packages/16/5c/a6b2419723ea7ddce6308259a55e8e7593d88464ce8db9f4aa857aba96fa/grpcio-1.78.0-cp314-cp314-manylinux2014_i686.manylinux_2_17_i686.whl", hash = "sha256:74be1268d1439eaaf552c698cdb11cd594f0c49295ae6bb72c34ee31abbe611b", size = 7173206, upload-time = "2026-02-06T09:56:29.876Z" },
    { url = "https://files.pythonhosted.org/packages/df/1e/b8801345629a415ea7e26c83d75eb5dbe91b07ffe5210cc517348a8d4218/grpcio-1.78.0-cp314-cp314-manylinux2014_x86_64.manylinux_2_17_x86_64.whl", hash = "sha256:be63c88b32e6c0f1429f1398ca5c09bc64b0d80950c8bb7807d7d7fb36fb84c7", size = 6693826, upload-time = "2026-02-06T09:56:32.305Z" },
    { url = "https://files.pythonhosted.org/packages/34/84/0de28eac0377742679a510784f049738a80424b17287739fc47d63c2439e/grpcio-1.78.0-cp314-cp314-musllinux_1_2_aarch64.whl", hash = "sha256:3c586ac70e855c721bda8f548d38c3ca66ac791dc49b66a8281a1f99db85e452", size = 7277897, upload-time = "2026-02-06T09:56:34.915Z" },
    { url = "https://files.pythonhosted.org/packages/ca/9c/ad8685cfe20559a9edb66f735afdcb2b7d3de69b13666fdfc542e1916ebd/grpcio-1.78.0-cp314-cp314-musllinux_1_2_i686.whl", hash = "sha256:35eb275bf1751d2ffbd8f57cdbc46058e857cf3971041521b78b7db94bdaf127", size = 8252404, upload-time = "2026-02-06T09:56:37.553Z" },
    { url = "https://files.pythonhosted.org/packages/3c/05/33a7a4985586f27e1de4803887c417ec7ced145ebd069bc38a9607059e2b/grpcio-1.78.0-cp314-cp314-musllinux_1_2_x86_64.whl", hash = "sha256:207db540302c884b8848036b80db352a832b99dfdf41db1eb554c2c2c7800f65", size = 7696837, upload-time = "2026-02-06T09:56:40.173Z" },
    { url = "https://files.pythonhosted.org/packages/73/77/7382241caf88729b106e49e7d18e3116216c778e6a7e833826eb96de22f7/grpcio-1.78.0-cp314-cp314-win32.whl", hash = "sha256:57bab6deef2f4f1ca76cc04565df38dc5713ae6c17de690721bdf30cb1e0545c", size = 4142439, upload-time = "2026-02-06T09:56:43.258Z" },
    { url = "https://files.pythonhosted.org/packages/48/b2/b096ccce418882fbfda4f7496f9357aaa9a5af1896a9a7f60d9f2b275a06/grpcio-1.78.0-cp314-cp314-win_amd64.whl", hash = "sha256:dce09d6116df20a96acfdbf85e4866258c3758180e8c49845d6ba8248b6d0bbb", size = 4929852, upload-time = "2026-02-06T09:56:45.885Z" },
]

[[package]]
name = "grpcio-tools"
version = "1.78.0"
source = { registry = "https://pypi.org/simple" }
dependencies = [
    { name = "grpcio" },
    { name = "protobuf" },
    { name = "setuptools" },
]
sdist = { url = "https://files.pythonhosted.org/packages/8b/d1/cbefe328653f746fd319c4377836a25ba64226e41c6a1d7d5cdbc87a459f/grpcio_tools-1.78.0.tar.gz", hash = "sha256:4b0dd86560274316e155d925158276f8564508193088bc43e20d3f5dff956b2b", size = 5393026, upload-time = "2026-02-06T09:59:59.53Z" }
wheels = [
    { url = "https://files.pythonhosted.org/packages/cf/5e/278f3831c8d56bae02e3acc570465648eccf0a6bbedcb1733789ac966803/grpcio_tools-1.78.0-cp314-cp314-linux_armv7l.whl", hash = "sha256:8b080d0d072e6032708a3a91731b808074d7ab02ca8fb9847b6a011fdce64cd9", size = 2546270, upload-time = "2026-02-06T09:59:07.426Z" },
    { url = "https://files.pythonhosted.org/packages/a3/d9/68582f2952b914b60dddc18a2e3f9c6f09af9372b6f6120d6cf3ec7f8b4e/grpcio_tools-1.78.0-cp314-cp314-macosx_11_0_universal2.whl", hash = "sha256:8c0ad8f8f133145cd7008b49cb611a5c6a9d89ab276c28afa17050516e801f79", size = 5705731, upload-time = "2026-02-06T09:59:09.856Z" },
    { url = "https://files.pythonhosted.org/packages/70/68/feb0f9a48818ee1df1e8b644069379a1e6ef5447b9b347c24e96fd258e5d/grpcio_tools-1.78.0-cp314-cp314-manylinux2014_aarch64.manylinux_2_17_aarch64.whl", hash = "sha256:2f8ea092a7de74c6359335d36f0674d939a3c7e1a550f4c2c9e80e0226de8fe4", size = 2593896, upload-time = "2026-02-06T09:59:12.23Z" },
    { url = "https://files.pythonhosted.org/packages/1f/08/a430d8d06e1b8d33f3e48d3f0cc28236723af2f35e37bd5c8db05df6c3aa/grpcio_tools-1.78.0-cp314-cp314-manylinux2014_i686.manylinux_2_17_i686.whl", hash = "sha256:da422985e0cac822b41822f43429c19ecb27c81ffe3126d0b74e77edec452608", size = 2905298, upload-time = "2026-02-06T09:59:14.458Z" },
    { url = "https://files.pythonhosted.org/packages/71/0a/348c36a3eae101ca0c090c9c3bc96f2179adf59ee0c9262d11cdc7bfe7db/grpcio_tools-1.78.0-cp314-cp314-manylinux2014_x86_64.manylinux_2_17_x86_64.whl", hash = "sha256:4fab1faa3fbcb246263e68da7a8177d73772283f9db063fb8008517480888d26", size = 2656186, upload-time = "2026-02-06T09:59:16.949Z" },
    { url = "https://files.pythonhosted.org/packages/1d/3f/18219f331536fad4af6207ade04142292faa77b5cb4f4463787988963df8/grpcio_tools-1.78.0-cp314-cp314-musllinux_1_2_aarch64.whl", hash = "sha256:dd9c094f73f734becae3f20f27d4944d3cd8fb68db7338ee6c58e62fc5c3d99f", size = 3109859, upload-time = "2026-02-06T09:59:19.202Z" },
    { url = "https://files.pythonhosted.org/packages/5b/d9/341ea20a44c8e5a3a18acc820b65014c2e3ea5b4f32a53d14864bcd236bc/grpcio_tools-1.78.0-cp314-cp314-musllinux_1_2_i686.whl", hash = "sha256:2ed51ce6b833068f6c580b73193fc2ec16468e6bc18354bc2f83a58721195a58", size = 3657915, upload-time = "2026-02-06T09:59:21.839Z" },
    { url = "https://files.pythonhosted.org/packages/fb/f4/5978b0f91611a64371424c109dd0027b247e5b39260abad2eaee66b6aa37/grpcio_tools-1.78.0-cp314-cp314-musllinux_1_2_x86_64.whl", hash = "sha256:05803a5cdafe77c8bdf36aa660ad7a6a1d9e49bc59ce45c1bade2a4698826599", size = 3324724, upload-time = "2026-02-06T09:59:24.402Z" },
    { url = "https://files.pythonhosted.org/packages/b2/80/96a324dba99cfbd20e291baf0b0ae719dbb62b76178c5ce6c788e7331cb1/grpcio_tools-1.78.0-cp314-cp314-win32.whl", hash = "sha256:f7c722e9ce6f11149ac5bddd5056e70aaccfd8168e74e9d34d8b8b588c3f5c7c", size = 1015505, upload-time = "2026-02-06T09:59:26.3Z" },
    { url = "https://files.pythonhosted.org/packages/3b/d1/909e6a05bfd44d46327dc4b8a78beb2bae4fb245ffab2772e350081aaf7e/grpcio_tools-1.78.0-cp314-cp314-win_amd64.whl", hash = "sha256:7d58ade518b546120ec8f0a8e006fc8076ae5df151250ebd7e82e9b5e152c229", size = 1190196, upload-time = "2026-02-06T09:59:28.359Z" },
]

[[package]]
name = "h11"
version = "0.16.0"
source = { registry = "https://pypi.org/simple" }
sdist = { url = "https://files.pythonhosted.org/packages/01/ee/02a2c011bdab74c6fb3c75474d40b3052059d95df7e73351460c8588d963/h11-0.16.0.tar.gz", hash = "sha256:4e35b956cf45792e4caa5885e69fba00bdbc6ffafbfa020300e549b208ee5ff1", size = 101250, upload-time = "2025-04-24T03:35:25.427Z" }
wheels = [
    { url = "https://files.pythonhosted.org/packages/04/4b/29cac41a4d98d144bf5f6d33995617b185d14b22401f75ca86f384e87ff1/h11-0.16.0-py3-none-any.whl", hash = "sha256:63cf8bbe7522de3bf65932fda1d9c2772064ffb3dae62d55932da54b31cb6c86", size = 37515, upload-time = "2025-04-24T03:35:24.344Z" },
]

[[package]]
name = "idna"
version = "3.11"
source = { registry = "https://pypi.org/simple" }
sdist = { url = "https://files.pythonhosted.org/packages/6f/6d/0703ccc57f3a7233505399edb88de3cbd678da106337b9fcde432b65ed60/idna-3.11.tar.gz", hash = "sha256:795dafcc9c04ed0c1fb032c2aa73654d8e8c5023a7df64a53f39190ada629902", size = 194582, upload-time = "2025-10-12T14:55:20.501Z" }
wheels = [
    { url = "https://files.pythonhosted.org/packages/0e/61/66938bbb5fc52dbdf84594873d5b51fb1f7c7794e9c0f5bd885f30bc507b/idna-3.11-py3-none-any.whl", hash = "sha256:771a87f49d9defaf64091e6e6fe9c18d4833f140bd19464795bc32d966ca37ea", size = 71008, upload-time = "2025-10-12T14:55:18.883Z" },
]

[[package]]
name = "jinja2"
version = "3.1.6"
source = { registry = "https://pypi.org/simple" }
dependencies = [
    { name = "markupsafe" },
]
sdist = { url = "https://files.pythonhosted.org/packages/df/bf/f7da0350254c0ed7c72f3e33cef02e048281fec7ecec5f032d4aac52226b/jinja2-3.1.6.tar.gz", hash = "sha256:0137fb05990d35f1275a587e9aee6d56da821fc83491a0fb838183be43f66d6d", size = 245115, upload-time = "2025-03-05T20:05:02.478Z" }
wheels = [
    { url = "https://files.pythonhosted.org/packages/62/a1/3d680cbfd5f4b8f15abc1d571870c5fc3e594bb582bc3b64ea099db13e56/jinja2-3.1.6-py3-none-any.whl", hash = "sha256:85ece4451f492d0c13c5dd7c13a64681a86afae63a5f347908daf103ce6d2f67", size = 134899, upload-time = "2025-03-05T20:05:00.369Z" },
]

[[package]]
name = "market"
version = "0.0.0"
source = { editable = "apps/market" }
dependencies = [
    { name = "common-tools" },
    { name = "grpc-buybikeshop-python" },
    { name = "jinja2" },
    { name = "punq" },
    { name = "python-dotenv" },
    { name = "starlette" },
    { name = "uvicorn" },
]

[package.metadata]
requires-dist = [
    { name = "common-tools", editable = "libs/python/common_tools" },
    { name = "grpc-buybikeshop-python", editable = "gen/grpc_buybikeshop_python" },
    { name = "jinja2", specifier = ">=3.1.6" },
    { name = "punq", specifier = ">=0.7.0" },
    { name = "python-dotenv", specifier = ">=1.2.2" },
    { name = "starlette", specifier = ">=0.52.1" },
    { name = "uvicorn" },
    { name = "uvicorn", specifier = ">=0.42.0" },
]

[[package]]
name = "markupsafe"
version = "3.0.3"
source = { registry = "https://pypi.org/simple" }
sdist = { url = "https://files.pythonhosted.org/packages/7e/99/7690b6d4034fffd95959cbe0c02de8deb3098cc577c67bb6a24fe5d7caa7/markupsafe-3.0.3.tar.gz", hash = "sha256:722695808f4b6457b320fdc131280796bdceb04ab50fe1795cd540799ebe1698", size = 80313, upload-time = "2025-09-27T18:37:40.426Z" }
wheels = [
    { url = "https://files.pythonhosted.org/packages/33/8a/8e42d4838cd89b7dde187011e97fe6c3af66d8c044997d2183fbd6d31352/markupsafe-3.0.3-cp314-cp314-macosx_10_13_x86_64.whl", hash = "sha256:eaa9599de571d72e2daf60164784109f19978b327a3910d3e9de8c97b5b70cfe", size = 11619, upload-time = "2025-09-27T18:37:06.342Z" },
    { url = "https://files.pythonhosted.org/packages/b5/64/7660f8a4a8e53c924d0fa05dc3a55c9cee10bbd82b11c5afb27d44b096ce/markupsafe-3.0.3-cp314-cp314-macosx_11_0_arm64.whl", hash = "sha256:c47a551199eb8eb2121d4f0f15ae0f923d31350ab9280078d1e5f12b249e0026", size = 12029, upload-time = "2025-09-27T18:37:07.213Z" },
    { url = "https://files.pythonhosted.org/packages/da/ef/e648bfd021127bef5fa12e1720ffed0c6cbb8310c8d9bea7266337ff06de/markupsafe-3.0.3-cp314-cp314-manylinux2014_aarch64.manylinux_2_17_aarch64.manylinux_2_28_aarch64.whl", hash = "sha256:f34c41761022dd093b4b6896d4810782ffbabe30f2d443ff5f083e0cbbb8c737", size = 24408, upload-time = "2025-09-27T18:37:09.572Z" },
    { url = "https://files.pythonhosted.org/packages/41/3c/a36c2450754618e62008bf7435ccb0f88053e07592e6028a34776213d877/markupsafe-3.0.3-cp314-cp314-manylinux2014_x86_64.manylinux_2_17_x86_64.manylinux_2_28_x86_64.whl", hash = "sha256:457a69a9577064c05a97c41f4e65148652db078a3a509039e64d3467b9e7ef97", size = 23005, upload-time = "2025-09-27T18:37:10.58Z" },
    { url = "https://files.pythonhosted.org/packages/bc/20/b7fdf89a8456b099837cd1dc21974632a02a999ec9bf7ca3e490aacd98e7/markupsafe-3.0.3-cp314-cp314-manylinux_2_31_riscv64.manylinux_2_39_riscv64.whl", hash = "sha256:e8afc3f2ccfa24215f8cb28dcf43f0113ac3c37c2f0f0806d8c70e4228c5cf4d", size = 22048, upload-time = "2025-09-27T18:37:11.547Z" },
    { url = "https://files.pythonhosted.org/packages/9a/a7/591f592afdc734f47db08a75793a55d7fbcc6902a723ae4cfbab61010cc5/markupsafe-3.0.3-cp314-cp314-musllinux_1_2_aarch64.whl", hash = "sha256:ec15a59cf5af7be74194f7ab02d0f59a62bdcf1a537677ce67a2537c9b87fcda", size = 23821, upload-time = "2025-09-27T18:37:12.48Z" },
    { url = "https://files.pythonhosted.org/packages/7d/33/45b24e4f44195b26521bc6f1a82197118f74df348556594bd2262bda1038/markupsafe-3.0.3-cp314-cp314-musllinux_1_2_riscv64.whl", hash = "sha256:0eb9ff8191e8498cca014656ae6b8d61f39da5f95b488805da4bb029cccbfbaf", size = 21606, upload-time = "2025-09-27T18:37:13.485Z" },
    { url = "https://files.pythonhosted.org/packages/ff/0e/53dfaca23a69fbfbbf17a4b64072090e70717344c52eaaaa9c5ddff1e5f0/markupsafe-3.0.3-cp314-cp314-musllinux_1_2_x86_64.whl", hash = "sha256:2713baf880df847f2bece4230d4d094280f4e67b1e813eec43b4c0e144a34ffe", size = 23043, upload-time = "2025-09-27T18:37:14.408Z" },
    { url = "https://files.pythonhosted.org/packages/46/11/f333a06fc16236d5238bfe74daccbca41459dcd8d1fa952e8fbd5dccfb70/markupsafe-3.0.3-cp314-cp314-win32.whl", hash = "sha256:729586769a26dbceff69f7a7dbbf59ab6572b99d94576a5592625d5b411576b9", size = 14747, upload-time = "2025-09-27T18:37:15.36Z" },
    { url = "https://files.pythonhosted.org/packages/28/52/182836104b33b444e400b14f797212f720cbc9ed6ba34c800639d154e821/markupsafe-3.0.3-cp314-cp314-win_amd64.whl", hash = "sha256:bdc919ead48f234740ad807933cdf545180bfbe9342c2bb451556db2ed958581", size = 15341, upload-time = "2025-09-27T18:37:16.496Z" },
    { url = "https://files.pythonhosted.org/packages/6f/18/acf23e91bd94fd7b3031558b1f013adfa21a8e407a3fdb32745538730382/markupsafe-3.0.3-cp314-cp314-win_arm64.whl", hash = "sha256:5a7d5dc5140555cf21a6fefbdbf8723f06fcd2f63ef108f2854de715e4422cb4", size = 14073, upload-time = "2025-09-27T18:37:17.476Z" },
    { url = "https://files.pythonhosted.org/packages/3c/f0/57689aa4076e1b43b15fdfa646b04653969d50cf30c32a102762be2485da/markupsafe-3.0.3-cp314-cp314t-macosx_10_13_x86_64.whl", hash = "sha256:1353ef0c1b138e1907ae78e2f6c63ff67501122006b0f9abad68fda5f4ffc6ab", size = 11661, upload-time = "2025-09-27T18:37:18.453Z" },
    { url = "https://files.pythonhosted.org/packages/89/c3/2e67a7ca217c6912985ec766c6393b636fb0c2344443ff9d91404dc4c79f/markupsafe-3.0.3-cp314-cp314t-macosx_11_0_arm64.whl", hash = "sha256:1085e7fbddd3be5f89cc898938f42c0b3c711fdcb37d75221de2666af647c175", size = 12069, upload-time = "2025-09-27T18:37:19.332Z" },
    { url = "https://files.pythonhosted.org/packages/f0/00/be561dce4e6ca66b15276e184ce4b8aec61fe83662cce2f7d72bd3249d28/markupsafe-3.0.3-cp314-cp314t-manylinux2014_aarch64.manylinux_2_17_aarch64.manylinux_2_28_aarch64.whl", hash = "sha256:1b52b4fb9df4eb9ae465f8d0c228a00624de2334f216f178a995ccdcf82c4634", size = 25670, upload-time = "2025-09-27T18:37:20.245Z" },
    { url = "https://files.pythonhosted.org/packages/50/09/c419f6f5a92e5fadde27efd190eca90f05e1261b10dbd8cbcb39cd8ea1dc/markupsafe-3.0.3-cp314-cp314t-manylinux2014_x86_64.manylinux_2_17_x86_64.manylinux_2_28_x86_64.whl", hash = "sha256:fed51ac40f757d41b7c48425901843666a6677e3e8eb0abcff09e4ba6e664f50", size = 23598, upload-time = "2025-09-27T18:37:21.177Z" },
    { url = "https://files.pythonhosted.org/packages/22/44/a0681611106e0b2921b3033fc19bc53323e0b50bc70cffdd19f7d679bb66/markupsafe-3.0.3-cp314-cp314t-manylinux_2_31_riscv64.manylinux_2_39_riscv64.whl", hash = "sha256:f190daf01f13c72eac4efd5c430a8de82489d9cff23c364c3ea822545032993e", size = 23261, upload-time = "2025-09-27T18:37:22.167Z" },
    { url = "https://files.pythonhosted.org/packages/5f/57/1b0b3f100259dc9fffe780cfb60d4be71375510e435efec3d116b6436d43/markupsafe-3.0.3-cp314-cp314t-musllinux_1_2_aarch64.whl", hash = "sha256:e56b7d45a839a697b5eb268c82a71bd8c7f6c94d6fd50c3d577fa39a9f1409f5", size = 24835, upload-time = "2025-09-27T18:37:23.296Z" },
    { url = "https://files.pythonhosted.org/packages/26/6a/4bf6d0c97c4920f1597cc14dd720705eca0bf7c787aebc6bb4d1bead5388/markupsafe-3.0.3-cp314-cp314t-musllinux_1_2_riscv64.whl", hash = "sha256:f3e98bb3798ead92273dc0e5fd0f31ade220f59a266ffd8a4f6065e0a3ce0523", size = 22733, upload-time = "2025-09-27T18:37:24.237Z" },
    { url = "https://files.pythonhosted.org/packages/14/c7/ca723101509b518797fedc2fdf79ba57f886b4aca8a7d31857ba3ee8281f/markupsafe-3.0.3-cp314-cp314t-musllinux_1_2_x86_64.whl", hash = "sha256:5678211cb9333a6468fb8d8be0305520aa073f50d17f089b5b4b477ea6e67fdc", size = 23672, upload-time = "2025-09-27T18:37:25.271Z" },
    { url = "https://files.pythonhosted.org/packages/fb/df/5bd7a48c256faecd1d36edc13133e51397e41b73bb77e1a69deab746ebac/markupsafe-3.0.3-cp314-cp314t-win32.whl", hash = "sha256:915c04ba3851909ce68ccc2b8e2cd691618c4dc4c4232fb7982bca3f41fd8c3d", size = 14819, upload-time = "2025-09-27T18:37:26.285Z" },
    { url = "https://files.pythonhosted.org/packages/1a/8a/0402ba61a2f16038b48b39bccca271134be00c5c9f0f623208399333c448/markupsafe-3.0.3-cp314-cp314t-win_amd64.whl", hash = "sha256:4faffd047e07c38848ce017e8725090413cd80cbc23d86e55c587bf979e579c9", size = 15426, upload-time = "2025-09-27T18:37:27.316Z" },
    { url = "https://files.pythonhosted.org/packages/70/bc/6f1c2f612465f5fa89b95bead1f44dcb607670fd42891d8fdcd5d039f4f4/markupsafe-3.0.3-cp314-cp314t-win_arm64.whl", hash = "sha256:32001d6a8fc98c8cb5c947787c5d08b0a50663d139f1305bac5885d98d9b40fa", size = 14146, upload-time = "2025-09-27T18:37:28.327Z" },
]

[[package]]
name = "protobuf"
version = "6.33.6"
source = { registry = "https://pypi.org/simple" }
sdist = { url = "https://files.pythonhosted.org/packages/66/70/e908e9c5e52ef7c3a6c7902c9dfbb34c7e29c25d2f81ade3856445fd5c94/protobuf-6.33.6.tar.gz", hash = "sha256:a6768d25248312c297558af96a9f9c929e8c4cee0659cb07e780731095f38135", size = 444531, upload-time = "2026-03-18T19:05:00.988Z" }
wheels = [
    { url = "https://files.pythonhosted.org/packages/fc/9f/2f509339e89cfa6f6a4c4ff50438db9ca488dec341f7e454adad60150b00/protobuf-6.33.6-cp310-abi3-win32.whl", hash = "sha256:7d29d9b65f8afef196f8334e80d6bc1d5d4adedb449971fefd3723824e6e77d3", size = 425739, upload-time = "2026-03-18T19:04:48.373Z" },
    { url = "https://files.pythonhosted.org/packages/76/5d/683efcd4798e0030c1bab27374fd13a89f7c2515fb1f3123efdfaa5eab57/protobuf-6.33.6-cp310-abi3-win_amd64.whl", hash = "sha256:0cd27b587afca21b7cfa59a74dcbd48a50f0a6400cfb59391340ad729d91d326", size = 437089, upload-time = "2026-03-18T19:04:50.381Z" },
    { url = "https://files.pythonhosted.org/packages/5c/01/a3c3ed5cd186f39e7880f8303cc51385a198a81469d53d0fdecf1f64d929/protobuf-6.33.6-cp39-abi3-macosx_10_9_universal2.whl", hash = "sha256:9720e6961b251bde64edfdab7d500725a2af5280f3f4c87e57c0208376aa8c3a", size = 427737, upload-time = "2026-03-18T19:04:51.866Z" },
    { url = "https://files.pythonhosted.org/packages/ee/90/b3c01fdec7d2f627b3a6884243ba328c1217ed2d978def5c12dc50d328a3/protobuf-6.33.6-cp39-abi3-manylinux2014_aarch64.whl", hash = "sha256:e2afbae9b8e1825e3529f88d514754e094278bb95eadc0e199751cdd9a2e82a2", size = 324610, upload-time = "2026-03-18T19:04:53.096Z" },
    { url = "https://files.pythonhosted.org/packages/9b/ca/25afc144934014700c52e05103c2421997482d561f3101ff352e1292fb81/protobuf-6.33.6-cp39-abi3-manylinux2014_s390x.whl", hash = "sha256:c96c37eec15086b79762ed265d59ab204dabc53056e3443e702d2681f4b39ce3", size = 339381, upload-time = "2026-03-18T19:04:54.616Z" },
    { url = "https://files.pythonhosted.org/packages/16/92/d1e32e3e0d894fe00b15ce28ad4944ab692713f2e7f0a99787405e43533a/protobuf-6.33.6-cp39-abi3-manylinux2014_x86_64.whl", hash = "sha256:e9db7e292e0ab79dd108d7f1a94fe31601ce1ee3f7b79e0692043423020b0593", size = 323436, upload-time = "2026-03-18T19:04:55.768Z" },
    { url = "https://files.pythonhosted.org/packages/c4/72/02445137af02769918a93807b2b7890047c32bfb9f90371cbc12688819eb/protobuf-6.33.6-py3-none-any.whl", hash = "sha256:77179e006c476e69bf8e8ce866640091ec42e1beb80b213c3900006ecfba6901", size = 170656, upload-time = "2026-03-18T19:04:59.826Z" },
]

[[package]]
name = "psycopg2-binary"
version = "2.9.11"
source = { registry = "https://pypi.org/simple" }
sdist = { url = "https://files.pythonhosted.org/packages/ac/6c/8767aaa597ba424643dc87348c6f1754dd9f48e80fdc1b9f7ca5c3a7c213/psycopg2-binary-2.9.11.tar.gz", hash = "sha256:b6aed9e096bf63f9e75edf2581aa9a7e7186d97ab5c177aa6c87797cd591236c", size = 379620, upload-time = "2025-10-10T11:14:48.041Z" }
wheels = [
    { url = "https://files.pythonhosted.org/packages/64/12/93ef0098590cf51d9732b4f139533732565704f45bdc1ffa741b7c95fb54/psycopg2_binary-2.9.11-cp314-cp314-macosx_10_13_x86_64.whl", hash = "sha256:92e3b669236327083a2e33ccfa0d320dd01b9803b3e14dd986a4fc54aa00f4e1", size = 3756567, upload-time = "2025-10-10T11:13:11.885Z" },
    { url = "https://files.pythonhosted.org/packages/7c/a9/9d55c614a891288f15ca4b5209b09f0f01e3124056924e17b81b9fa054cc/psycopg2_binary-2.9.11-cp314-cp314-macosx_11_0_arm64.whl", hash = "sha256:e0deeb03da539fa3577fcb0b3f2554a97f7e5477c246098dbb18091a4a01c16f", size = 3864755, upload-time = "2025-10-10T11:13:17.727Z" },
    { url = "https://files.pythonhosted.org/packages/13/1e/98874ce72fd29cbde93209977b196a2edae03f8490d1bd8158e7f1daf3a0/psycopg2_binary-2.9.11-cp314-cp314-manylinux2014_aarch64.manylinux_2_17_aarch64.whl", hash = "sha256:9b52a3f9bb540a3e4ec0f6ba6d31339727b2950c9772850d6545b7eae0b9d7c5", size = 4411646, upload-time = "2025-10-10T11:13:24.432Z" },
    { url = "https://files.pythonhosted.org/packages/5a/bd/a335ce6645334fb8d758cc358810defca14a1d19ffbc8a10bd38a2328565/psycopg2_binary-2.9.11-cp314-cp314-manylinux2014_ppc64le.manylinux_2_17_ppc64le.whl", hash = "sha256:db4fd476874ccfdbb630a54426964959e58da4c61c9feba73e6094d51303d7d8", size = 4468701, upload-time = "2025-10-10T11:13:29.266Z" },
    { url = "https://files.pythonhosted.org/packages/44/d6/c8b4f53f34e295e45709b7568bf9b9407a612ea30387d35eb9fa84f269b4/psycopg2_binary-2.9.11-cp314-cp314-manylinux2014_x86_64.manylinux_2_17_x86_64.whl", hash = "sha256:47f212c1d3be608a12937cc131bd85502954398aaa1320cb4c14421a0ffccf4c", size = 4166293, upload-time = "2025-10-10T11:13:33.336Z" },
    { url = "https://files.pythonhosted.org/packages/4b/e0/f8cc36eadd1b716ab36bb290618a3292e009867e5c97ce4aba908cb99644/psycopg2_binary-2.9.11-cp314-cp314-manylinux_2_38_riscv64.manylinux_2_39_riscv64.whl", hash = "sha256:e35b7abae2b0adab776add56111df1735ccc71406e56203515e228a8dc07089f", size = 3983184, upload-time = "2025-10-30T02:55:32.483Z" },
    { url = "https://files.pythonhosted.org/packages/53/3e/2a8fe18a4e61cfb3417da67b6318e12691772c0696d79434184a511906dc/psycopg2_binary-2.9.11-cp314-cp314-musllinux_1_2_aarch64.whl", hash = "sha256:fcf21be3ce5f5659daefd2b3b3b6e4727b028221ddc94e6c1523425579664747", size = 3652650, upload-time = "2025-10-10T11:13:38.181Z" },
    { url = "https://files.pythonhosted.org/packages/76/36/03801461b31b29fe58d228c24388f999fe814dfc302856e0d17f97d7c54d/psycopg2_binary-2.9.11-cp314-cp314-musllinux_1_2_ppc64le.whl", hash = "sha256:9bd81e64e8de111237737b29d68039b9c813bdf520156af36d26819c9a979e5f", size = 3298663, upload-time = "2025-10-10T11:13:44.878Z" },
    { url = "https://files.pythonhosted.org/packages/97/77/21b0ea2e1a73aa5fa9222b2a6b8ba325c43c3a8d54272839c991f2345656/psycopg2_binary-2.9.11-cp314-cp314-musllinux_1_2_riscv64.whl", hash = "sha256:32770a4d666fbdafab017086655bcddab791d7cb260a16679cc5a7338b64343b", size = 3044737, upload-time = "2025-10-30T02:55:35.69Z" },
    { url = "https://files.pythonhosted.org/packages/67/69/f36abe5f118c1dca6d3726ceae164b9356985805480731ac6712a63f24f0/psycopg2_binary-2.9.11-cp314-cp314-musllinux_1_2_x86_64.whl", hash = "sha256:c3cb3a676873d7506825221045bd70e0427c905b9c8ee8d6acd70cfcbd6e576d", size = 3347643, upload-time = "2025-10-10T11:13:53.499Z" },
    { url = "https://files.pythonhosted.org/packages/e1/36/9c0c326fe3a4227953dfb29f5d0c8ae3b8eb8c1cd2967aa569f50cb3c61f/psycopg2_binary-2.9.11-cp314-cp314-win_amd64.whl", hash = "sha256:4012c9c954dfaccd28f94e84ab9f94e12df76b4afb22331b1f0d3154893a6316", size = 2803913, upload-time = "2025-10-10T11:13:57.058Z" },
]

[[package]]
name = "punq"
version = "0.7.0"
source = { registry = "https://pypi.org/simple" }
sdist = { url = "https://files.pythonhosted.org/packages/e6/f1/c31e86ce1ab85837d8e6a6868163bae3afaef01c49d45f1bfa479c1a5b90/punq-0.7.0.tar.gz", hash = "sha256:bb7a6cc75a2e7d51b861b0e11f4830a12617b3ee33dbced9ce2be6a98ba39d63", size = 7254, upload-time = "2023-11-06T10:45:19.945Z" }
wheels = [
    { url = "https://files.pythonhosted.org/packages/92/6a/c89602766d4416371eb801c3de89eda45fcea4435836ba7c01d1da88d47a/punq-0.7.0-py3-none-any.whl", hash = "sha256:7e0aca446c36a73674ec3fc078ec5e90e7a172ee349537d075ff20d73c3b1810", size = 7719, upload-time = "2023-11-06T10:45:18.118Z" },
]

[[package]]
name = "python-dotenv"
version = "1.2.2"
source = { registry = "https://pypi.org/simple" }
sdist = { url = "https://files.pythonhosted.org/packages/82/ed/0301aeeac3e5353ef3d94b6ec08bbcabd04a72018415dcb29e588514bba8/python_dotenv-1.2.2.tar.gz", hash = "sha256:2c371a91fbd7ba082c2c1dc1f8bf89ca22564a087c2c287cd9b662adde799cf3", size = 50135, upload-time = "2026-03-01T16:00:26.196Z" }
wheels = [
    { url = "https://files.pythonhosted.org/packages/0b/d7/1959b9648791274998a9c3526f6d0ec8fd2233e4d4acce81bbae76b44b2a/python_dotenv-1.2.2-py3-none-any.whl", hash = "sha256:1d8214789a24de455a8b8bd8ae6fe3c6b69a5e3d64aa8a8e5d68e694bbcb285a", size = 22101, upload-time = "2026-03-01T16:00:25.09Z" },
]

[[package]]
name = "seeder"
version = "0.0.0"
source = { editable = "database/seeder" }
dependencies = [
    { name = "faker" },
    { name = "psycopg2-binary" },
]

[package.metadata]
requires-dist = [
    { name = "faker", specifier = ">=40.4.0" },
    { name = "psycopg2-binary", specifier = ">=2.9.11" },
]

[[package]]
name = "setuptools"
version = "82.0.1"
source = { registry = "https://pypi.org/simple" }
sdist = { url = "https://files.pythonhosted.org/packages/4f/db/cfac1baf10650ab4d1c111714410d2fbb77ac5a616db26775db562c8fab2/setuptools-82.0.1.tar.gz", hash = "sha256:7d872682c5d01cfde07da7bccc7b65469d3dca203318515ada1de5eda35efbf9", size = 1152316, upload-time = "2026-03-09T12:47:17.221Z" }
wheels = [
    { url = "https://files.pythonhosted.org/packages/9d/76/f789f7a86709c6b087c5a2f52f911838cad707cc613162401badc665acfe/setuptools-82.0.1-py3-none-any.whl", hash = "sha256:a59e362652f08dcd477c78bb6e7bd9d80a7995bc73ce773050228a348ce2e5bb", size = 1006223, upload-time = "2026-03-09T12:47:15.026Z" },
]

[[package]]
name = "starlette"
version = "0.52.1"
source = { registry = "https://pypi.org/simple" }
dependencies = [
    { name = "anyio" },
]
sdist = { url = "https://files.pythonhosted.org/packages/c4/68/79977123bb7be889ad680d79a40f339082c1978b5cfcf62c2d8d196873ac/starlette-0.52.1.tar.gz", hash = "sha256:834edd1b0a23167694292e94f597773bc3f89f362be6effee198165a35d62933", size = 2653702, upload-time = "2026-01-18T13:34:11.062Z" }
wheels = [
    { url = "https://files.pythonhosted.org/packages/81/0d/13d1d239a25cbfb19e740db83143e95c772a1fe10202dda4b76792b114dd/starlette-0.52.1-py3-none-any.whl", hash = "sha256:0029d43eb3d273bc4f83a08720b4912ea4b071087a3b48db01b7c839f7954d74", size = 74272, upload-time = "2026-01-18T13:34:09.188Z" },
]

[[package]]
name = "typing-extensions"
version = "4.15.0"
source = { registry = "https://pypi.org/simple" }
sdist = { url = "https://files.pythonhosted.org/packages/72/94/1a15dd82efb362ac84269196e94cf00f187f7ed21c242792a923cdb1c61f/typing_extensions-4.15.0.tar.gz", hash = "sha256:0cea48d173cc12fa28ecabc3b837ea3cf6f38c6d1136f85cbaaf598984861466", size = 109391, upload-time = "2025-08-25T13:49:26.313Z" }
wheels = [
    { url = "https://files.pythonhosted.org/packages/18/67/36e9267722cc04a6b9f15c7f3441c2363321a3ea07da7ae0c0707beb2a9c/typing_extensions-4.15.0-py3-none-any.whl", hash = "sha256:f0fa19c6845758ab08074a0cfa8b7aecb71c999ca73d62883bc25cc018c4e548", size = 44614, upload-time = "2025-08-25T13:49:24.86Z" },
]

[[package]]
name = "tzdata"
version = "2025.3"
source = { registry = "https://pypi.org/simple" }
sdist = { url = "https://files.pythonhosted.org/packages/5e/a7/c202b344c5ca7daf398f3b8a477eeb205cf3b6f32e7ec3a6bac0629ca975/tzdata-2025.3.tar.gz", hash = "sha256:de39c2ca5dc7b0344f2eba86f49d614019d29f060fc4ebc8a417896a620b56a7", size = 196772, upload-time = "2025-12-13T17:45:35.667Z" }
wheels = [
    { url = "https://files.pythonhosted.org/packages/c7/b0/003792df09decd6849a5e39c28b513c06e84436a54440380862b5aeff25d/tzdata-2025.3-py2.py3-none-any.whl", hash = "sha256:06a47e5700f3081aab02b2e513160914ff0694bce9947d6b76ebd6bf57cfc5d1", size = 348521, upload-time = "2025-12-13T17:45:33.889Z" },
]

[[package]]
name = "uvicorn"
version = "0.42.0"
source = { registry = "https://pypi.org/simple" }
dependencies = [
    { name = "click" },
    { name = "h11" },
]
sdist = { url = "https://files.pythonhosted.org/packages/e3/ad/4a96c425be6fb67e0621e62d86c402b4a17ab2be7f7c055d9bd2f638b9e2/uvicorn-0.42.0.tar.gz", hash = "sha256:9b1f190ce15a2dd22e7758651d9b6d12df09a13d51ba5bf4fc33c383a48e1775", size = 85393, upload-time = "2026-03-16T06:19:50.077Z" }
wheels = [
    { url = "https://files.pythonhosted.org/packages/0a/89/f8827ccff89c1586027a105e5630ff6139a64da2515e24dafe860bd9ae4d/uvicorn-0.42.0-py3-none-any.whl", hash = "sha256:96c30f5c7abe6f74ae8900a70e92b85ad6613b745d4879eb9b16ccad15645359", size = 68830, upload-time = "2026-03-16T06:19:48.325Z" },
]
